name: update-flake-lock
on:
  repository_dispatch:
  workflow_dispatch: # allows manual triggering
  schedule:
    - cron: '0 0 * * *' # runs at 00:00
jobs:
  updateLockfile:
    runs-on: ubuntu-latest
    steps:
      - name: Checkout repository
        uses: actions/checkout@v4
      - name: Install Nix
        uses: cachix/install-nix-action@v30
      - name: Update flake.lock
        uses: DeterminateSystems/update-flake-lock@v21
        with:
          token: ${{ secrets.UPDATE_NIX_FLAKE_LOCK }}
          pr-title: "chore(flake.lock): bump"
          pr-labels: |
            dependencies
            automated
